// !$*UTF8*$!
{
	archiveVersion = 1;
	classes = {
	};
	objectVersion = 50;
	objects = {

/* Begin PBXBuildFile section */
		8403E814249573600099458E /* AppDelegate.swift in Sources */ = {isa = PBXBuildFile; fileRef = 8403E813249573600099458E /* AppDelegate.swift */; };
		8403E816249573600099458E /* SceneDelegate.swift in Sources */ = {isa = PBXBuildFile; fileRef = 8403E815249573600099458E /* SceneDelegate.swift */; };
		8403E81B249573600099458E /* Main.storyboard in Resources */ = {isa = PBXBuildFile; fileRef = 8403E819249573600099458E /* Main.storyboard */; };
		8403E81D249573620099458E /* Assets.xcassets in Resources */ = {isa = PBXBuildFile; fileRef = 8403E81C249573620099458E /* Assets.xcassets */; };
		8403E820249573620099458E /* LaunchScreen.storyboard in Resources */ = {isa = PBXBuildFile; fileRef = 8403E81E249573620099458E /* LaunchScreen.storyboard */; };
		8403E82A249575420099458E /* MainTableViewController.swift in Sources */ = {isa = PBXBuildFile; fileRef = 8403E829249575420099458E /* MainTableViewController.swift */; };
		840B1F282495869300C6BC51 /* PlistParser.swift in Sources */ = {isa = PBXBuildFile; fileRef = 840B1F272495869300C6BC51 /* PlistParser.swift */; };
		840B1F2A2495949400C6BC51 /* AccountingTableViewCell.swift in Sources */ = {isa = PBXBuildFile; fileRef = 840B1F292495949400C6BC51 /* AccountingTableViewCell.swift */; };
		840B1F3424959D3500C6BC51 /* expenses.plist in Resources */ = {isa = PBXBuildFile; fileRef = 840B1F3324959D3500C6BC51 /* expenses.plist */; };
/* End PBXBuildFile section */

/* Begin PBXFileReference section */
		8403E810249573600099458E /* accountingsOfStore.app */ = {isa = PBXFileReference; explicitFileType = wrapper.application; includeInIndex = 0; path = accountingsOfStore.app; sourceTree = BUILT_PRODUCTS_DIR; };
		8403E813249573600099458E /* AppDelegate.swift */ = {isa = PBXFileReference; lastKnownFileType = sourcecode.swift; path = AppDelegate.swift; sourceTree = "<group>"; };
		8403E815249573600099458E /* SceneDelegate.swift */ = {isa = PBXFileReference; lastKnownFileType = sourcecode.swift; path = SceneDelegate.swift; sourceTree = "<group>"; };
		8403E81A249573600099458E /* Base */ = {isa = PBXFileReference; lastKnownFileType = file.storyboard; name = Base; path = Base.lproj/Main.storyboard; sourceTree = "<group>"; };
		8403E81C249573620099458E /* Assets.xcassets */ = {isa = PBXFileReference; lastKnownFileType = folder.assetcatalog; path = Assets.xcassets; sourceTree = "<group>"; };
		8403E81F249573620099458E /* Base */ = {isa = PBXFileReference; lastKnownFileType = file.storyboard; name = Base; path = Base.lproj/LaunchScreen.storyboard; sourceTree = "<group>"; };
		8403E821249573620099458E /* Info.plist */ = {isa = PBXFileReference; lastKnownFileType = text.plist.xml; path = Info.plist; sourceTree = "<group>"; };
		8403E829249575420099458E /* MainTableViewController.swift */ = {isa = PBXFileReference; lastKnownFileType = sourcecode.swift; path = MainTableViewController.swift; sourceTree = "<group>"; };
		840B1F272495869300C6BC51 /* PlistParser.swift */ = {isa = PBXFileReference; lastKnownFileType = sourcecode.swift; path = PlistParser.swift; sourceTree = "<group>"; };
		840B1F292495949400C6BC51 /* AccountingTableViewCell.swift */ = {isa = PBXFileReference; lastKnownFileType = sourcecode.swift; path = AccountingTableViewCell.swift; sourceTree = "<group>"; };
		840B1F3324959D3500C6BC51 /* expenses.plist */ = {isa = PBXFileReference; fileEncoding = 4; lastKnownFileType = text.plist.xml; path = expenses.plist; sourceTree = "<group>"; };
/* End PBXFileReference section */

/* Begin PBXFrameworksBuildPhase section */
		8403E80D249573600099458E /* Frameworks */ = {
			isa = PBXFrameworksBuildPhase;
			buildActionMask = 2147483647;
			files = (
			);
			runOnlyForDeploymentPostprocessing = 0;
		};
/* End PBXFrameworksBuildPhase section */

/* Begin PBXGroup section */
		8403E807249573600099458E = {
			isa = PBXGroup;
			children = (
				8403E812249573600099458E /* accountingsOfStore */,
			);
			sourceTree = "<group>";
		};
		8403E811249573600099458E /* Products */ = {
			isa = PBXGroup;
			children = (
				8403E810249573600099458E /* accountingsOfStore.app */,
			);
			name = Products;
			path = ..;
			sourceTree = "<group>";
		};
		8403E812249573600099458E /* accountingsOfStore */ = {
			isa = PBXGroup;
			children = (
				845A710F249646EA00BB2D09 /* Model */,
				845A71102496470B00BB2D09 /* View */,
				845A71112496471100BB2D09 /* Controller */,
				845A71122496474A00BB2D09 /* other */,
				840B1F3324959D3500C6BC51 /* expenses.plist */,
				8403E821249573620099458E /* Info.plist */,
				8403E81E249573620099458E /* LaunchScreen.storyboard */,
				8403E811249573600099458E /* Products */,
			);
			path = accountingsOfStore;
			sourceTree = "<group>";
		};
		845A710F249646EA00BB2D09 /* Model */ = {
			isa = PBXGroup;
			children = (
				840B1F292495949400C6BC51 /* AccountingTableViewCell.swift */,
				840B1F272495869300C6BC51 /* PlistParser.swift */,
			);
			path = Model;
			sourceTree = "<group>";
		};
		845A71102496470B00BB2D09 /* View */ = {
			isa = PBXGroup;
			children = (
				8403E81C249573620099458E /* Assets.xcassets */,
				8403E819249573600099458E /* Main.storyboard */,
			);
			path = View;
			sourceTree = "<group>";
		};
		845A71112496471100BB2D09 /* Controller */ = {
			isa = PBXGroup;
			children = (
				8403E829249575420099458E /* MainTableViewController.swift */,
			);
			path = Controller;
			sourceTree = "<group>";
		};
		845A71122496474A00BB2D09 /* other */ = {
			isa = PBXGroup;
			children = (
				8403E813249573600099458E /* AppDelegate.swift */,
				8403E815249573600099458E /* SceneDelegate.swift */,
			);
			path = other;
			sourceTree = "<group>";
		};
/* End PBXGroup section */

/* Begin PBXNativeTarget section */
		8403E80F249573600099458E /* accountingsOfStore */ = {
			isa = PBXNativeTarget;
			buildConfigurationList = 8403E824249573620099458E /* Build configuration list for PBXNativeTarget "accountingsOfStore" */;
			buildPhases = (
				8403E80C249573600099458E /* Sources */,
				8403E80D249573600099458E /* Frameworks */,
				8403E80E249573600099458E /* Resources */,
			);
			buildRules = (
			);
			dependencies = (
			);
			name = accountingsOfStore;
			productName = accountingsOfStore;
			productReference = 8403E810249573600099458E /* accountingsOfStore.app */;
			productType = "com.apple.product-type.application";
		};
/* End PBXNativeTarget section */

/* Begin PBXProject section */
		8403E808249573600099458E /* Project object */ = {
			isa = PBXProject;
			attributes = {
				LastSwiftUpdateCheck = 1110;
				LastUpgradeCheck = 1110;
				ORGANIZATIONNAME = Admin;
				TargetAttributes = {
					8403E80F249573600099458E = {
						CreatedOnToolsVersion = 11.1;
					};
				};
			};
			buildConfigurationList = 8403E80B249573600099458E /* Build configuration list for PBXProject "accountingsOfStore" */;
			compatibilityVersion = "Xcode 9.3";
			developmentRegion = en;
			hasScannedForEncodings = 0;
			knownRegions = (
				en,
				Base,
			);
			mainGroup = 8403E807249573600099458E;
			productRefGroup = 8403E811249573600099458E /* Products */;
			projectDirPath = "";
			projectRoot = "";
			targets = (
				8403E80F249573600099458E /* accountingsOfStore */,
			);
		};
/* End PBXProject section */

/* Begin PBXResourcesBuildPhase section */
		8403E80E249573600099458E /* Resources */ = {
			isa = PBXResourcesBuildPhase;
			buildActionMask = 2147483647;
			files = (
				8403E820249573620099458E /* LaunchScreen.storyboard in Resources */,
				8403E81D249573620099458E /* Assets.xcassets in Resources */,
				8403E81B249573600099458E /* Main.storyboard in Resources */,
				840B1F3424959D3500C6BC51 /* expenses.plist in Resources */,
			);
			runOnlyForDeploymentPostprocessing = 0;
		};
/* End PBXResourcesBuildPhase section */

/* Begin PBXSourcesBuildPhase section */
		8403E80C249573600099458E /* Sources */ = {
			isa = PBXSourcesBuildPhase;
			buildActionMask = 2147483647;
			files = (
				8403E82A249575420099458E /* MainTableViewController.swift in Sources */,
				840B1F282495869300C6BC51 /* PlistParser.swift in Sources */,
				840B1F2A2495949400C6BC51 /* AccountingTableViewCell.swift in Sources */,
				8403E814249573600099458E /* AppDelegate.swift in Sources */,
				8403E816249573600099458E /* SceneDelegate.swift in Sources */,
			);
			runOnlyForDeploymentPostprocessing = 0;
		};
/* End PBXSourcesBuildPhase section */

/* Begin PBXVariantGroup section */
		8403E819249573600099458E /* Main.storyboard */ = {
			isa = PBXVariantGroup;
			children = (
				8403E81A249573600099458E /* Base */,
			);
			name = Main.storyboard;
			sourceTree = "<group>";
		};
		8403E81E249573620099458E /* LaunchScreen.storyboard */ = {
			isa = PBXVariantGroup;
			children = (
				8403E81F249573620099458E /* Base */,
			);
			name = LaunchScreen.storyboard;
			sourceTree = "<group>";
		};
/* End PBXVariantGroup section */

/* Begin XCBuildConfiguration section */
		8403E822249573620099458E /* Debug */ = {
			isa = XCBuildConfiguration;
			buildSettings = {
				ALWAYS_SEARCH_USER_PATHS = NO;
				CLANG_ANALYZER_NONNULL = YES;
				CLANG_ANALYZER_NUMBER_OBJECT_CONVERSION = YES_AGGRESSIVE;
				CLANG_CXX_LANGUAGE_STANDARD = "gnu++14";
				CLANG_CXX_LIBRARY = "libc++";
				CLANG_ENABLE_MODULES = YES;
				CLANG_ENABLE_OBJC_ARC = YES;
				CLANG_ENABLE_OBJC_WEAK = YES;
				CLANG_WARN_BLOCK_CAPTURE_AUTORELEASING = YES;
				CLANG_WARN_BOOL_CONVERSION = YES;
				CLANG_WARN_COMMA = YES;
				CLANG_WARN_CONSTANT_CONVERSION = YES;
				CLANG_WARN_DEPRECATED_OBJC_IMPLEMENTATIONS = YES;
				CLANG_WARN_DIRECT_OBJC_ISA_USAGE = YES_ERROR;
				CLANG_WARN_DOCUMENTATION_COMMENTS = YES;
				CLANG_WARN_EMPTY_BODY = YES;
				CLANG_WARN_ENUM_CONVERSION = YES;
				CLANG_WARN_INFINITE_RECURSION = YES;
				CLANG_WARN_INT_CONVERSION = YES;
				CLANG_WARN_NON_LITERAL_NULL_CONVERSION = YES;
				CLANG_WARN_OBJC_IMPLICIT_RETAIN_SELF = YES;
				CLANG_WARN_OBJC_LITERAL_CONVERSION = YES;
				CLANG_WARN_OBJC_ROOT_CLASS = YES_ERROR;
				CLANG_WARN_RANGE_LOOP_ANALYSIS = YES;
				CLANG_WARN_STRICT_PROTOTYPES = YES;
				CLANG_WARN_SUSPICIOUS_MOVE = YES;
				CLANG_WARN_UNGUARDED_AVAILABILITY = YES_AGGRESSIVE;
				CLANG_WARN_UNREACHABLE_CODE = YES;
				CLANG_WARN__DUPLICATE_METHOD_MATCH = YES;
				COPY_PHASE_STRIP = NO;
				DEBUG_INFORMATION_FORMAT = dwarf;
				ENABLE_STRICT_OBJC_MSGSEND = YES;
				ENABLE_TESTABILITY = YES;
				GCC_C_LANGUAGE_STANDARD = gnu11;
				GCC_DYNAMIC_NO_PIC = NO;
				GCC_NO_COMMON_BLOCKS = YES;
				GCC_OPTIMIZATION_LEVEL = 0;
				GCC_PREPROCESSOR_DEFINITIONS = (
					"DEBUG=1",
					"$(inherited)",
				);
				GCC_WARN_64_TO_32_BIT_CONVERSION = YES;
				GCC_WARN_ABOUT_RETURN_TYPE = YES_ERROR;
				GCC_WARN_UNDECLARED_SELECTOR = YES;
				GCC_WARN_UNINITIALIZED_AUTOS = YES_AGGRESSIVE;
				GCC_WARN_UNUSED_FUNCTION = YES;
				GCC_WARN_UNUSED_VARIABLE = YES;
				IPHONEOS_DEPLOYMENT_TARGET = 13.1;
				MTL_ENABLE_DEBUG_INFO = INCLUDE_SOURCE;
				MTL_FAST_MATH = YES;
				ONLY_ACTIVE_ARCH = YES;
				SDKROOT = iphoneos;
				SWIFT_ACTIVE_COMPILATION_CONDITIONS = DEBUG;
				SWIFT_OPTIMIZATION_LEVEL = "-Onone";
			};
			name = Debug;
		};
		8403E823249573620099458E /* Release */ = {
			isa = XCBuildConfiguration;
			buildSettings = {
				ALWAYS_SEARCH_USER_PATHS = NO;
				CLANG_ANALYZER_NONNULL = YES;
				CLANG_ANALYZER_NUMBER_OBJECT_CONVERSION = YES_AGGRESSIVE;
				CLANG_CXX_LANGUAGE_STANDARD = "gnu++14";
				CLANG_CXX_LIBRARY = "libc++";
				CLANG_ENABLE_MODULES = YES;
				CLANG_ENABLE_OBJC_ARC = YES;
				CLANG_ENABLE_OBJC_WEAK = YES;
				CLANG_WARN_BLOCK_CAPTURE_AUTORELEASING = YES;
				CLANG_WARN_BOOL_CONVERSION = YES;
				CLANG_WARN_COMMA = YES;
				CLANG_WARN_CONSTANT_CONVERSION = YES;
				CLANG_WARN_DEPRECATED_OBJC_IMPLEMENTATIONS = YES;
				CLANG_WARN_DIRECT_OBJC_ISA_USAGE = YES_ERROR;
				CLANG_WARN_DOCUMENTATION_COMMENTS = YES;
				CLANG_WARN_EMPTY_BODY = YES;
				CLANG_WARN_ENUM_CONVERSION = YES;
				CLANG_WARN_INFINITE_RECURSION = YES;
				CLANG_WARN_INT_CONVERSION = YES;
				CLANG_WARN_NON_LITERAL_NULL_CONVERSION = YES;
				CLANG_WARN_OBJC_IMPLICIT_RETAIN_SELF = YES;
				CLANG_WARN_OBJC_LITERAL_CONVERSION = YES;
				CLANG_WARN_OBJC_ROOT_CLASS = YES_ERROR;
				CLANG_WARN_RANGE_LOOP_ANALYSIS = YES;
				CLANG_WARN_STRICT_PROTOTYPES = YES;
				CLANG_WARN_SUSPICIOUS_MOVE = YES;
				CLANG_WARN_UNGUARDED_AVAILABILITY = YES_AGGRESSIVE;
				CLANG_WARN_UNREACHABLE_CODE = YES;
				CLANG_WARN__DUPLICATE_METHOD_MATCH = YES;
				COPY_PHASE_STRIP = NO;
				DEBUG_INFORMATION_FORMAT = "dwarf-with-dsym";
				ENABLE_NS_ASSERTIONS = NO;
				ENABLE_STRICT_OBJC_MSGSEND = YES;
				GCC_C_LANGUAGE_STANDARD = gnu11;
				GCC_NO_COMMON_BLOCKS = YES;
				GCC_WARN_64_TO_32_BIT_CONVERSION = YES;
				GCC_WARN_ABOUT_RETURN_TYPE = YES_ERROR;
				GCC_WARN_UNDECLARED_SELECTOR = YES;
				GCC_WARN_UNINITIALIZED_AUTOS = YES_AGGRESSIVE;
				GCC_WARN_UNUSED_FUNCTION = YES;
				GCC_WARN_UNUSED_VARIABLE = YES;
				IPHONEOS_DEPLOYMENT_TARGET = 13.1;
				MTL_ENABLE_DEBUG_INFO = NO;
				MTL_FAST_MATH = YES;
				SDKROOT = iphoneos;
				SWIFT_COMPILATION_MODE = wholemodule;
				SWIFT_OPTIMIZATION_LEVEL = "-O";
				VALIDATE_PRODUCT = YES;
			};
			name = Release;
		};
		8403E825249573620099458E /* Debug */ = {
			isa = XCBuildConfiguration;
			buildSettings = {
				ASSETCATALOG_COMPILER_APPICON_NAME = AppIcon;
				CODE_SIGN_STYLE = Automatic;
				INFOPLIST_FILE = accountingsOfStore/Info.plist;
				LD_RUNPATH_SEARCH_PATHS = (
					"$(inherited)",
					"@executable_path/Frameworks",
				);
				PRODUCT_BUNDLE_IDENTIFIER = Test.accountingsOfStore;
				PRODUCT_NAME = "$(TARGET_NAME)";
				SWIFT_VERSION = 5.0;
				TARGETED_DEVICE_FAMILY = "1,2";
			};
			name = Debug;
		};
		8403E826249573620099458E /* Release */ = {
			isa = XCBuildConfiguration;
			buildSettings = {
				ASSETCATALOG_COMPILER_APPICON_NAME = AppIcon;
				CODE_SIGN_STYLE = Automatic;
				INFOPLIST_FILE = accountingsOfStore/Info.plist;
				LD_RUNPATH_SEARCH_PATHS = (
					"$(inherited)",
					"@executable_path/Frameworks",
				);
				PRODUCT_BUNDLE_IDENTIFIER = Test.accountingsOfStore;
				PRODUCT_NAME = "$(TARGET_NAME)";
				SWIFT_VERSION = 5.0;
				TARGETED_DEVICE_FAMILY = "1,2";
			};
			name = Release;
		};
/* End XCBuildConfiguration section */

/* Begin XCConfigurationList section */
		8403E80B249573600099458E /* Build configuration list for PBXProject "accountingsOfStore" */ = {
			isa = XCConfigurationList;
			buildConfigurations = (
				8403E822249573620099458E /* Debug */,
				8403E823249573620099458E /* Release */,
			);
			defaultConfigurationIsVisible = 0;
			defaultConfigurationName = Release;
		};
		8403E824249573620099458E /* Build configuration list for PBXNativeTarget "accountingsOfStore" */ = {
			isa = XCConfigurationList;
			buildConfigurations = (
				8403E825249573620099458E /* Debug */,
				8403E826249573620099458E /* Release */,
			);
			defaultConfigurationIsVisible = 0;
			defaultConfigurationName = Release;
		};
/* End XCConfigurationList section */
	};
	rootObject = 8403E808249573600099458E /* Project object */;
}
